
Microsoft Visual Studio Solution File, Format Version 12.00
# Visual Studio 15
VisualStudioVersion = 15.0.27428.2015
MinimumVisualStudioVersion = 10.0.40219.1
Project("{FAE04EC0-301F-11D3-BF4B-00C04F79EFBC}") = "head_test", "head_test\head_test.csproj", "{274986C8-CC57-4A38-AC18-2A64173827A8}"
EndProject
Global
	GlobalSection(SolutionConfigurationPlatforms) = preSolution
		Debug|Any CPU = Debug|Any CPU
		Release|Any CPU = Release|Any CPU
	EndGlobalSection
	GlobalSection(ProjectConfigurationPlatforms) = postSolution
		{274986C8-CC57-4A38-AC18-2A64173827A8}.Debug|Any CPU.ActiveCfg = Debug|Any CPU
		{274986C8-CC57-4A38-AC18-2A64173827A8}.Debug|Any CPU.Build.0 = Debug|Any CPU
		{274986C8-CC57-4A38-AC18-2A64173827A8}.Release|Any CPU.ActiveCfg = Release|Any CPU
		{274986C8-CC57-4A38-AC18-2A64173827A8}.Release|Any CPU.Build.0 = Release|Any CPU
	EndGlobalSection
	GlobalSection(SolutionProperties) = preSolution
		HideSolutionNode = FALSE
	EndGlobalSection
	GlobalSection(ExtensibilityGlobals) = postSolution
		SolutionGuid = {87CA6011-023B-411D-B4F0-84FEDDC0ECB1}
	EndGlobalSection
EndGlobal
